
Microsoft Visual Studio Solution File, Format Version 12.00
# Visual Studio Version 16
VisualStudioVersion = 16.0.30011.22
MinimumVisualStudioVersion = 10.0.40219.1
Project("{FAE04EC0-301F-11D3-BF4B-00C04F79EFBC}") = "DevBoost.PadraoDeProjeto.API", "DevBoost.PadraoDeProjeto\DevBoost.PadraoDeProjeto.API\DevBoost.PadraoDeProjeto.API.csproj", "{49861445-06EB-4F3C-AA19-0F8CD8E19A26}"
EndProject
Global
	GlobalSection(SolutionConfigurationPlatforms) = preSolution
		Debug|Any CPU = Debug|Any CPU
		Release|Any CPU = Release|Any CPU
	EndGlobalSection
	GlobalSection(ProjectConfigurationPlatforms) = postSolution
		{49861445-06EB-4F3C-AA19-0F8CD8E19A26}.Debug|Any CPU.ActiveCfg = Debug|Any CPU
		{49861445-06EB-4F3C-AA19-0F8CD8E19A26}.Debug|Any CPU.Build.0 = Debug|Any CPU
		{49861445-06EB-4F3C-AA19-0F8CD8E19A26}.Release|Any CPU.ActiveCfg = Release|Any CPU
		{49861445-06EB-4F3C-AA19-0F8CD8E19A26}.Release|Any CPU.Build.0 = Release|Any CPU
	EndGlobalSection
	GlobalSection(SolutionProperties) = preSolution
		HideSolutionNode = FALSE
	EndGlobalSection
	GlobalSection(ExtensibilityGlobals) = postSolution
		SolutionGuid = {28C6B200-9E7F-4A48-9577-CFD8D18D1C46}
	EndGlobalSection
EndGlobal
